
Microsoft Visual Studio Solution File, Format Version 12.00
# Visual Studio 15
VisualStudioVersion = 15.0.28307.329
MinimumVisualStudioVersion = 10.0.40219.1
Project("{E24C65DC-7377-472B-9ABA-BC803B73C61A}") = "ShoppingCartApp", "ShoppingCartApp\", "{51FEEC34-620C-4122-BF11-AE56EFF17140}"
	ProjectSection(WebsiteProperties) = preProject
		TargetFrameworkMoniker = ".NETFramework,Version%3Dv4.6.1"
		Debug.AspNetCompiler.VirtualPath = "/localhost_56331"
		Debug.AspNetCompiler.PhysicalPath = "ShoppingCartApp\"
		Debug.AspNetCompiler.TargetPath = "PrecompiledWeb\localhost_56331\"
		Debug.AspNetCompiler.Updateable = "true"
		Debug.AspNetCompiler.ForceOverwrite = "true"
		Debug.AspNetCompiler.FixedNames = "false"
		Debug.AspNetCompiler.Debug = "True"
		Release.AspNetCompiler.VirtualPath = "/localhost_56331"
		Release.AspNetCompiler.PhysicalPath = "ShoppingCartApp\"
		Release.AspNetCompiler.TargetPath = "PrecompiledWeb\localhost_56331\"
		Release.AspNetCompiler.Updateable = "true"
		Release.AspNetCompiler.ForceOverwrite = "true"
		Release.AspNetCompiler.FixedNames = "false"
		Release.AspNetCompiler.Debug = "False"
		VWDPort = "56331"
		SlnRelativePath = "ShoppingCartApp\"
		DefaultWebSiteLanguage = "Visual C#"
	EndProjectSection
EndProject
Global
	GlobalSection(SolutionConfigurationPlatforms) = preSolution
		Debug|Any CPU = Debug|Any CPU
	EndGlobalSection
	GlobalSection(ProjectConfigurationPlatforms) = postSolution
		{51FEEC34-620C-4122-BF11-AE56EFF17140}.Debug|Any CPU.ActiveCfg = Debug|Any CPU
		{51FEEC34-620C-4122-BF11-AE56EFF17140}.Debug|Any CPU.Build.0 = Debug|Any CPU
	EndGlobalSection
	GlobalSection(SolutionProperties) = preSolution
		HideSolutionNode = FALSE
	EndGlobalSection
	GlobalSection(ExtensibilityGlobals) = postSolution
		SolutionGuid = {75AB9491-7DEA-492D-A0EB-A1021EA8F8B9}
	EndGlobalSection
EndGlobal
